
Microsoft Visual Studio Solution File, Format Version 12.00
# Visual Studio Version 16
VisualStudioVersion = 16.0.30413.136
MinimumVisualStudioVersion = 10.0.40219.1
Project("{2150E333-8FDC-42A3-9474-1A3956D46DE8}") = "Services", "Services", "{DAF8A081-EFB5-4401-8A0E-A50442F86F58}"
EndProject
Project("{2150E333-8FDC-42A3-9474-1A3956D46DE8}") = "Tests", "Tests", "{E3407E2F-38B1-4AE2-B655-0995C064439C}"
EndProject
Project("{FAE04EC0-301F-11D3-BF4B-00C04F79EFBC}") = "AuthenticationService", "Services\AuthenticationService\AuthenticationService.csproj", "{B44228FB-E503-44FF-9BC4-A7AEE1846B77}"
EndProject
Project("{FAE04EC0-301F-11D3-BF4B-00C04F79EFBC}") = "UserService", "Services\UserService\UserService.csproj", "{8211E9E7-B052-4C91-8063-C1F1979018DB}"
EndProject
Project("{FAE04EC0-301F-11D3-BF4B-00C04F79EFBC}") = "PortfolioService", "Services\PortfolioService\PortfolioService.csproj", "{08BD1EDA-A7AE-434F-BCF6-183500ACBC3C}"
EndProject
Project("{FAE04EC0-301F-11D3-BF4B-00C04F79EFBC}") = "FileService", "Services\FileService\FileService.csproj", "{F83B55D4-5FBD-48FD-9981-33B7C8E61D03}"
EndProject
Project("{FAE04EC0-301F-11D3-BF4B-00C04F79EFBC}") = "MessageService", "Services\MessageService\MessageService.csproj", "{CA69BDE8-7C78-49AB-B582-6AF3834B9789}"
EndProject
Project("{FAE04EC0-301F-11D3-BF4B-00C04F79EFBC}") = "CompanyService", "Services\CompanyService\CompanyService.csproj", "{BE6B739D-35ED-44BB-B3F3-BB5490AD7F59}"
EndProject
Project("{FAE04EC0-301F-11D3-BF4B-00C04F79EFBC}") = "CVService", "Services\CVService\CVService.csproj", "{148E1472-7AA6-498D-AA90-5383298EEF36}"
EndProject
Project("{FAE04EC0-301F-11D3-BF4B-00C04F79EFBC}") = "VacancyService", "Services\VacancyService\VacancyService.csproj", "{982DDDD8-42AF-49EE-B7A4-A6CA2CE7737A}"
EndProject
Project("{FAE04EC0-301F-11D3-BF4B-00C04F79EFBC}") = "UniversityService", "Services\UniversityService\UniversityService.csproj", "{8364851E-3A16-44A5-BB5A-CE16BB16FE73}"
EndProject
Project("{FAE04EC0-301F-11D3-BF4B-00C04F79EFBC}") = "AuthenticationServiceUnitTests", "Tests\AuthenticationServiceUnitTests\AuthenticationServiceUnitTests.csproj", "{4E4E5139-84C7-4681-A0BE-8884B0582586}"
EndProject
Project("{FAE04EC0-301F-11D3-BF4B-00C04F79EFBC}") = "UserServiceUnitTests", "Tests\UserServiceUnitTests\UserServiceUnitTests.csproj", "{42E40B96-2A84-4ECC-9EA1-1796470C8147}"
EndProject
Project("{FAE04EC0-301F-11D3-BF4B-00C04F79EFBC}") = "PortfolioServiceUnitTests", "Tests\PortfolioServiceUnitTests\PortfolioServiceUnitTests.csproj", "{5C36DD1E-B1E2-4F21-A3E1-8B2751AD65B2}"
EndProject
Project("{FAE04EC0-301F-11D3-BF4B-00C04F79EFBC}") = "CVServiceUnitTests", "Tests\CVServiceUnitTests\CVServiceUnitTests.csproj", "{F98F493D-1C3B-4091-A909-CC90DE72963F}"
EndProject
Project("{FAE04EC0-301F-11D3-BF4B-00C04F79EFBC}") = "UniversityServiceUnitTests", "Tests\UniversityServiceUnitTests\UniversityServiceUnitTests.csproj", "{0D9782CF-9EB8-43DF-9A10-CA573AD4E99B}"
EndProject
Project("{FAE04EC0-301F-11D3-BF4B-00C04F79EFBC}") = "FileServiceUnitTests", "Tests\FileServiceUnitTests\FileServiceUnitTests.csproj", "{F0D7A3F0-D6EE-4693-A24E-4C8CB838A368}"
EndProject
Project("{FAE04EC0-301F-11D3-BF4B-00C04F79EFBC}") = "VacancyServiceUnitTests", "Tests\VacancyServiceUnitTests\VacancyServiceUnitTests.csproj", "{06124DA7-2BC8-4497-8429-1C4D4214DD35}"
EndProject
Project("{FAE04EC0-301F-11D3-BF4B-00C04F79EFBC}") = "CompanyServiceUnitTests", "Tests\CompanyServiceUnitTests\CompanyServiceUnitTests.csproj", "{347CF224-C7FE-46AD-B1ED-7E6DE2B10881}"
EndProject
Project("{FAE04EC0-301F-11D3-BF4B-00C04F79EFBC}") = "MessageServiceUnitTests", "Tests\MessageServiceUnitTests\MessageServiceUnitTests.csproj", "{C1597E01-FCD7-48F5-AE07-DD2F80580A55}"
EndProject
Global
	GlobalSection(SolutionConfigurationPlatforms) = preSolution
		Debug|Any CPU = Debug|Any CPU
		Release|Any CPU = Release|Any CPU
	EndGlobalSection
	GlobalSection(ProjectConfigurationPlatforms) = postSolution
		{B44228FB-E503-44FF-9BC4-A7AEE1846B77}.Debug|Any CPU.ActiveCfg = Debug|Any CPU
		{B44228FB-E503-44FF-9BC4-A7AEE1846B77}.Debug|Any CPU.Build.0 = Debug|Any CPU
		{B44228FB-E503-44FF-9BC4-A7AEE1846B77}.Release|Any CPU.ActiveCfg = Release|Any CPU
		{B44228FB-E503-44FF-9BC4-A7AEE1846B77}.Release|Any CPU.Build.0 = Release|Any CPU
		{8211E9E7-B052-4C91-8063-C1F1979018DB}.Debug|Any CPU.ActiveCfg = Debug|Any CPU
		{8211E9E7-B052-4C91-8063-C1F1979018DB}.Debug|Any CPU.Build.0 = Debug|Any CPU
		{8211E9E7-B052-4C91-8063-C1F1979018DB}.Release|Any CPU.ActiveCfg = Release|Any CPU
		{8211E9E7-B052-4C91-8063-C1F1979018DB}.Release|Any CPU.Build.0 = Release|Any CPU
		{08BD1EDA-A7AE-434F-BCF6-183500ACBC3C}.Debug|Any CPU.ActiveCfg = Debug|Any CPU
		{08BD1EDA-A7AE-434F-BCF6-183500ACBC3C}.Debug|Any CPU.Build.0 = Debug|Any CPU
		{08BD1EDA-A7AE-434F-BCF6-183500ACBC3C}.Release|Any CPU.ActiveCfg = Release|Any CPU
		{08BD1EDA-A7AE-434F-BCF6-183500ACBC3C}.Release|Any CPU.Build.0 = Release|Any CPU
		{F83B55D4-5FBD-48FD-9981-33B7C8E61D03}.Debug|Any CPU.ActiveCfg = Debug|Any CPU
		{F83B55D4-5FBD-48FD-9981-33B7C8E61D03}.Debug|Any CPU.Build.0 = Debug|Any CPU
		{F83B55D4-5FBD-48FD-9981-33B7C8E61D03}.Release|Any CPU.ActiveCfg = Release|Any CPU
		{F83B55D4-5FBD-48FD-9981-33B7C8E61D03}.Release|Any CPU.Build.0 = Release|Any CPU
		{CA69BDE8-7C78-49AB-B582-6AF3834B9789}.Debug|Any CPU.ActiveCfg = Debug|Any CPU
		{CA69BDE8-7C78-49AB-B582-6AF3834B9789}.Debug|Any CPU.Build.0 = Debug|Any CPU
		{CA69BDE8-7C78-49AB-B582-6AF3834B9789}.Release|Any CPU.ActiveCfg = Release|Any CPU
		{CA69BDE8-7C78-49AB-B582-6AF3834B9789}.Release|Any CPU.Build.0 = Release|Any CPU
		{BE6B739D-35ED-44BB-B3F3-BB5490AD7F59}.Debug|Any CPU.ActiveCfg = Debug|Any CPU
		{BE6B739D-35ED-44BB-B3F3-BB5490AD7F59}.Debug|Any CPU.Build.0 = Debug|Any CPU
		{BE6B739D-35ED-44BB-B3F3-BB5490AD7F59}.Release|Any CPU.ActiveCfg = Release|Any CPU
		{BE6B739D-35ED-44BB-B3F3-BB5490AD7F59}.Release|Any CPU.Build.0 = Release|Any CPU
		{148E1472-7AA6-498D-AA90-5383298EEF36}.Debug|Any CPU.ActiveCfg = Debug|Any CPU
		{148E1472-7AA6-498D-AA90-5383298EEF36}.Debug|Any CPU.Build.0 = Debug|Any CPU
		{148E1472-7AA6-498D-AA90-5383298EEF36}.Release|Any CPU.ActiveCfg = Release|Any CPU
		{148E1472-7AA6-498D-AA90-5383298EEF36}.Release|Any CPU.Build.0 = Release|Any CPU
		{982DDDD8-42AF-49EE-B7A4-A6CA2CE7737A}.Debug|Any CPU.ActiveCfg = Debug|Any CPU
		{982DDDD8-42AF-49EE-B7A4-A6CA2CE7737A}.Debug|Any CPU.Build.0 = Debug|Any CPU
		{982DDDD8-42AF-49EE-B7A4-A6CA2CE7737A}.Release|Any CPU.ActiveCfg = Release|Any CPU
		{982DDDD8-42AF-49EE-B7A4-A6CA2CE7737A}.Release|Any CPU.Build.0 = Release|Any CPU
		{8364851E-3A16-44A5-BB5A-CE16BB16FE73}.Debug|Any CPU.ActiveCfg = Debug|Any CPU
		{8364851E-3A16-44A5-BB5A-CE16BB16FE73}.Debug|Any CPU.Build.0 = Debug|Any CPU
		{8364851E-3A16-44A5-BB5A-CE16BB16FE73}.Release|Any CPU.ActiveCfg = Release|Any CPU
		{8364851E-3A16-44A5-BB5A-CE16BB16FE73}.Release|Any CPU.Build.0 = Release|Any CPU
		{4E4E5139-84C7-4681-A0BE-8884B0582586}.Debug|Any CPU.ActiveCfg = Debug|Any CPU
		{4E4E5139-84C7-4681-A0BE-8884B0582586}.Debug|Any CPU.Build.0 = Debug|Any CPU
		{4E4E5139-84C7-4681-A0BE-8884B0582586}.Release|Any CPU.ActiveCfg = Release|Any CPU
		{4E4E5139-84C7-4681-A0BE-8884B0582586}.Release|Any CPU.Build.0 = Release|Any CPU
		{42E40B96-2A84-4ECC-9EA1-1796470C8147}.Debug|Any CPU.ActiveCfg = Debug|Any CPU
		{42E40B96-2A84-4ECC-9EA1-1796470C8147}.Debug|Any CPU.Build.0 = Debug|Any CPU
		{42E40B96-2A84-4ECC-9EA1-1796470C8147}.Release|Any CPU.ActiveCfg = Release|Any CPU
		{42E40B96-2A84-4ECC-9EA1-1796470C8147}.Release|Any CPU.Build.0 = Release|Any CPU
		{5C36DD1E-B1E2-4F21-A3E1-8B2751AD65B2}.Debug|Any CPU.ActiveCfg = Debug|Any CPU
		{5C36DD1E-B1E2-4F21-A3E1-8B2751AD65B2}.Debug|Any CPU.Build.0 = Debug|Any CPU
		{5C36DD1E-B1E2-4F21-A3E1-8B2751AD65B2}.Release|Any CPU.ActiveCfg = Release|Any CPU
		{5C36DD1E-B1E2-4F21-A3E1-8B2751AD65B2}.Release|Any CPU.Build.0 = Release|Any CPU
		{F98F493D-1C3B-4091-A909-CC90DE72963F}.Debug|Any CPU.ActiveCfg = Debug|Any CPU
		{F98F493D-1C3B-4091-A909-CC90DE72963F}.Debug|Any CPU.Build.0 = Debug|Any CPU
		{F98F493D-1C3B-4091-A909-CC90DE72963F}.Release|Any CPU.ActiveCfg = Release|Any CPU
		{F98F493D-1C3B-4091-A909-CC90DE72963F}.Release|Any CPU.Build.0 = Release|Any CPU
		{0D9782CF-9EB8-43DF-9A10-CA573AD4E99B}.Debug|Any CPU.ActiveCfg = Debug|Any CPU
		{0D9782CF-9EB8-43DF-9A10-CA573AD4E99B}.Debug|Any CPU.Build.0 = Debug|Any CPU
		{0D9782CF-9EB8-43DF-9A10-CA573AD4E99B}.Release|Any CPU.ActiveCfg = Release|Any CPU
		{0D9782CF-9EB8-43DF-9A10-CA573AD4E99B}.Release|Any CPU.Build.0 = Release|Any CPU
		{F0D7A3F0-D6EE-4693-A24E-4C8CB838A368}.Debug|Any CPU.ActiveCfg = Debug|Any CPU
		{F0D7A3F0-D6EE-4693-A24E-4C8CB838A368}.Debug|Any CPU.Build.0 = Debug|Any CPU
		{F0D7A3F0-D6EE-4693-A24E-4C8CB838A368}.Release|Any CPU.ActiveCfg = Release|Any CPU
		{F0D7A3F0-D6EE-4693-A24E-4C8CB838A368}.Release|Any CPU.Build.0 = Release|Any CPU
		{06124DA7-2BC8-4497-8429-1C4D4214DD35}.Debug|Any CPU.ActiveCfg = Debug|Any CPU
		{06124DA7-2BC8-4497-8429-1C4D4214DD35}.Debug|Any CPU.Build.0 = Debug|Any CPU
		{06124DA7-2BC8-4497-8429-1C4D4214DD35}.Release|Any CPU.ActiveCfg = Release|Any CPU
		{06124DA7-2BC8-4497-8429-1C4D4214DD35}.Release|Any CPU.Build.0 = Release|Any CPU
		{347CF224-C7FE-46AD-B1ED-7E6DE2B10881}.Debug|Any CPU.ActiveCfg = Debug|Any CPU
		{347CF224-C7FE-46AD-B1ED-7E6DE2B10881}.Debug|Any CPU.Build.0 = Debug|Any CPU
		{347CF224-C7FE-46AD-B1ED-7E6DE2B10881}.Release|Any CPU.ActiveCfg = Release|Any CPU
		{347CF224-C7FE-46AD-B1ED-7E6DE2B10881}.Release|Any CPU.Build.0 = Release|Any CPU
		{C1597E01-FCD7-48F5-AE07-DD2F80580A55}.Debug|Any CPU.ActiveCfg = Debug|Any CPU
		{C1597E01-FCD7-48F5-AE07-DD2F80580A55}.Debug|Any CPU.Build.0 = Debug|Any CPU
		{C1597E01-FCD7-48F5-AE07-DD2F80580A55}.Release|Any CPU.ActiveCfg = Release|Any CPU
		{C1597E01-FCD7-48F5-AE07-DD2F80580A55}.Release|Any CPU.Build.0 = Release|Any CPU
	EndGlobalSection
	GlobalSection(SolutionProperties) = preSolution
		HideSolutionNode = FALSE
	EndGlobalSection
	GlobalSection(NestedProjects) = preSolution
		{B44228FB-E503-44FF-9BC4-A7AEE1846B77} = {DAF8A081-EFB5-4401-8A0E-A50442F86F58}
		{8211E9E7-B052-4C91-8063-C1F1979018DB} = {DAF8A081-EFB5-4401-8A0E-A50442F86F58}
		{08BD1EDA-A7AE-434F-BCF6-183500ACBC3C} = {DAF8A081-EFB5-4401-8A0E-A50442F86F58}
		{F83B55D4-5FBD-48FD-9981-33B7C8E61D03} = {DAF8A081-EFB5-4401-8A0E-A50442F86F58}
		{CA69BDE8-7C78-49AB-B582-6AF3834B9789} = {DAF8A081-EFB5-4401-8A0E-A50442F86F58}
		{BE6B739D-35ED-44BB-B3F3-BB5490AD7F59} = {DAF8A081-EFB5-4401-8A0E-A50442F86F58}
		{148E1472-7AA6-498D-AA90-5383298EEF36} = {DAF8A081-EFB5-4401-8A0E-A50442F86F58}
		{982DDDD8-42AF-49EE-B7A4-A6CA2CE7737A} = {DAF8A081-EFB5-4401-8A0E-A50442F86F58}
		{8364851E-3A16-44A5-BB5A-CE16BB16FE73} = {DAF8A081-EFB5-4401-8A0E-A50442F86F58}
		{4E4E5139-84C7-4681-A0BE-8884B0582586} = {E3407E2F-38B1-4AE2-B655-0995C064439C}
		{42E40B96-2A84-4ECC-9EA1-1796470C8147} = {E3407E2F-38B1-4AE2-B655-0995C064439C}
		{5C36DD1E-B1E2-4F21-A3E1-8B2751AD65B2} = {E3407E2F-38B1-4AE2-B655-0995C064439C}
		{F98F493D-1C3B-4091-A909-CC90DE72963F} = {E3407E2F-38B1-4AE2-B655-0995C064439C}
		{0D9782CF-9EB8-43DF-9A10-CA573AD4E99B} = {E3407E2F-38B1-4AE2-B655-0995C064439C}
		{F0D7A3F0-D6EE-4693-A24E-4C8CB838A368} = {E3407E2F-38B1-4AE2-B655-0995C064439C}
		{06124DA7-2BC8-4497-8429-1C4D4214DD35} = {E3407E2F-38B1-4AE2-B655-0995C064439C}
		{347CF224-C7FE-46AD-B1ED-7E6DE2B10881} = {E3407E2F-38B1-4AE2-B655-0995C064439C}
		{C1597E01-FCD7-48F5-AE07-DD2F80580A55} = {E3407E2F-38B1-4AE2-B655-0995C064439C}
	EndGlobalSection
	GlobalSection(ExtensibilityGlobals) = postSolution
		SolutionGuid = {29D2F5C9-D9E2-4054-A5AE-9548D3331C4C}
	EndGlobalSection
EndGlobal
